
Microsoft Visual Studio Solution File, Format Version 12.00
# Visual Studio 15
VisualStudioVersion = 15.0.28307.329
MinimumVisualStudioVersion = 10.0.40219.1
Project("{FAE04EC0-301F-11D3-BF4B-00C04F79EFBC}") = "SeguridadApp", "SeguridadApp\SeguridadApp.csproj", "{E978FE9A-34E4-43B6-A335-524C68C3D373}"
EndProject
Project("{FAE04EC0-301F-11D3-BF4B-00C04F79EFBC}") = "Data", "Data\Data.csproj", "{ACF39A05-645A-41CB-9392-0D543E7ECFEF}"
EndProject
Global
	GlobalSection(SolutionConfigurationPlatforms) = preSolution
		Debug|Any CPU = Debug|Any CPU
		Release|Any CPU = Release|Any CPU
	EndGlobalSection
	GlobalSection(ProjectConfigurationPlatforms) = postSolution
		{E978FE9A-34E4-43B6-A335-524C68C3D373}.Debug|Any CPU.ActiveCfg = Debug|Any CPU
		{E978FE9A-34E4-43B6-A335-524C68C3D373}.Debug|Any CPU.Build.0 = Debug|Any CPU
		{E978FE9A-34E4-43B6-A335-524C68C3D373}.Release|Any CPU.ActiveCfg = Release|Any CPU
		{E978FE9A-34E4-43B6-A335-524C68C3D373}.Release|Any CPU.Build.0 = Release|Any CPU
		{ACF39A05-645A-41CB-9392-0D543E7ECFEF}.Debug|Any CPU.ActiveCfg = Debug|Any CPU
		{ACF39A05-645A-41CB-9392-0D543E7ECFEF}.Debug|Any CPU.Build.0 = Debug|Any CPU
		{ACF39A05-645A-41CB-9392-0D543E7ECFEF}.Release|Any CPU.ActiveCfg = Release|Any CPU
		{ACF39A05-645A-41CB-9392-0D543E7ECFEF}.Release|Any CPU.Build.0 = Release|Any CPU
	EndGlobalSection
	GlobalSection(SolutionProperties) = preSolution
		HideSolutionNode = FALSE
	EndGlobalSection
	GlobalSection(ExtensibilityGlobals) = postSolution
		SolutionGuid = {89BFA934-2909-4D23-8CB8-DE2014442076}
	EndGlobalSection
EndGlobal
