
Microsoft Visual Studio Solution File, Format Version 12.00
# Visual Studio 15
VisualStudioVersion = 15.0.28307.329
MinimumVisualStudioVersion = 10.0.40219.1
Project("{FAE04EC0-301F-11D3-BF4B-00C04F79EFBC}") = "SeguridadApp", "SeguridadApp\SeguridadApp.csproj", "{E978FE9A-34E4-43B6-A335-524C68C3D373}"
EndProject
Project("{FAE04EC0-301F-11D3-BF4B-00C04F79EFBC}") = "DAL", "DAL\DAL.csproj", "{A07B1EC9-C78D-4BB5-BEC5-87E22EAEB66B}"
EndProject
Global
	GlobalSection(SolutionConfigurationPlatforms) = preSolution
		Debug|Any CPU = Debug|Any CPU
		Debug|x64 = Debug|x64
		Debug|x86 = Debug|x86
		Release|Any CPU = Release|Any CPU
		Release|x64 = Release|x64
		Release|x86 = Release|x86
	EndGlobalSection
	GlobalSection(ProjectConfigurationPlatforms) = postSolution
		{E978FE9A-34E4-43B6-A335-524C68C3D373}.Debug|Any CPU.ActiveCfg = Debug|Any CPU
		{E978FE9A-34E4-43B6-A335-524C68C3D373}.Debug|Any CPU.Build.0 = Debug|Any CPU
		{E978FE9A-34E4-43B6-A335-524C68C3D373}.Debug|x64.ActiveCfg = Debug|x64
		{E978FE9A-34E4-43B6-A335-524C68C3D373}.Debug|x64.Build.0 = Debug|x64
		{E978FE9A-34E4-43B6-A335-524C68C3D373}.Debug|x86.ActiveCfg = Debug|x86
		{E978FE9A-34E4-43B6-A335-524C68C3D373}.Debug|x86.Build.0 = Debug|x86
		{E978FE9A-34E4-43B6-A335-524C68C3D373}.Release|Any CPU.ActiveCfg = Release|Any CPU
		{E978FE9A-34E4-43B6-A335-524C68C3D373}.Release|Any CPU.Build.0 = Release|Any CPU
		{E978FE9A-34E4-43B6-A335-524C68C3D373}.Release|x64.ActiveCfg = Release|x64
		{E978FE9A-34E4-43B6-A335-524C68C3D373}.Release|x64.Build.0 = Release|x64
		{E978FE9A-34E4-43B6-A335-524C68C3D373}.Release|x86.ActiveCfg = Release|x86
		{E978FE9A-34E4-43B6-A335-524C68C3D373}.Release|x86.Build.0 = Release|x86
		{A07B1EC9-C78D-4BB5-BEC5-87E22EAEB66B}.Debug|Any CPU.ActiveCfg = Debug|Any CPU
		{A07B1EC9-C78D-4BB5-BEC5-87E22EAEB66B}.Debug|Any CPU.Build.0 = Debug|Any CPU
		{A07B1EC9-C78D-4BB5-BEC5-87E22EAEB66B}.Debug|x64.ActiveCfg = Debug|Any CPU
		{A07B1EC9-C78D-4BB5-BEC5-87E22EAEB66B}.Debug|x64.Build.0 = Debug|Any CPU
		{A07B1EC9-C78D-4BB5-BEC5-87E22EAEB66B}.Debug|x86.ActiveCfg = Debug|Any CPU
		{A07B1EC9-C78D-4BB5-BEC5-87E22EAEB66B}.Debug|x86.Build.0 = Debug|Any CPU
		{A07B1EC9-C78D-4BB5-BEC5-87E22EAEB66B}.Release|Any CPU.ActiveCfg = Release|Any CPU
		{A07B1EC9-C78D-4BB5-BEC5-87E22EAEB66B}.Release|Any CPU.Build.0 = Release|Any CPU
		{A07B1EC9-C78D-4BB5-BEC5-87E22EAEB66B}.Release|x64.ActiveCfg = Release|Any CPU
		{A07B1EC9-C78D-4BB5-BEC5-87E22EAEB66B}.Release|x64.Build.0 = Release|Any CPU
		{A07B1EC9-C78D-4BB5-BEC5-87E22EAEB66B}.Release|x86.ActiveCfg = Release|Any CPU
		{A07B1EC9-C78D-4BB5-BEC5-87E22EAEB66B}.Release|x86.Build.0 = Release|Any CPU
	EndGlobalSection
	GlobalSection(SolutionProperties) = preSolution
		HideSolutionNode = FALSE
	EndGlobalSection
	GlobalSection(ExtensibilityGlobals) = postSolution
		SolutionGuid = {89BFA934-2909-4D23-8CB8-DE2014442076}
	EndGlobalSection
EndGlobal
